
Microsoft Visual Studio Solution File, Format Version 12.00
# Visual Studio Version 16
VisualStudioVersion = 16.0.31321.278
MinimumVisualStudioVersion = 10.0.40219.1
Project("{2150E333-8FDC-42A3-9474-1A3956D46DE8}") = "Multithreading", "Multithreading", "{4F8FB773-9C05-4E43-AF70-44FE7FAF78A8}"
EndProject
Project("{FAE04EC0-301F-11D3-BF4B-00C04F79EFBC}") = "StructTearing", "Multithreading\StructTearing\StructTearing.csproj", "{73042575-EC94-4747-BD5F-F66E2835A02E}"
EndProject
Global
	GlobalSection(SolutionConfigurationPlatforms) = preSolution
		Debug|Any CPU = Debug|Any CPU
		Release|Any CPU = Release|Any CPU
	EndGlobalSection
	GlobalSection(ProjectConfigurationPlatforms) = postSolution
		{73042575-EC94-4747-BD5F-F66E2835A02E}.Debug|Any CPU.ActiveCfg = Debug|Any CPU
		{73042575-EC94-4747-BD5F-F66E2835A02E}.Debug|Any CPU.Build.0 = Debug|Any CPU
		{73042575-EC94-4747-BD5F-F66E2835A02E}.Release|Any CPU.ActiveCfg = Release|Any CPU
		{73042575-EC94-4747-BD5F-F66E2835A02E}.Release|Any CPU.Build.0 = Release|Any CPU
	EndGlobalSection
	GlobalSection(SolutionProperties) = preSolution
		HideSolutionNode = FALSE
	EndGlobalSection
	GlobalSection(NestedProjects) = preSolution
		{73042575-EC94-4747-BD5F-F66E2835A02E} = {4F8FB773-9C05-4E43-AF70-44FE7FAF78A8}
	EndGlobalSection
	GlobalSection(ExtensibilityGlobals) = postSolution
		SolutionGuid = {FD478E21-3213-4D41-84BB-97A804D2F44C}
	EndGlobalSection
EndGlobal
